{
  "version": 4,
  "terraform_version": "1.0.8",
  "serial": 106,
  "lineage": "45d10a67-1964-5599-b320-86384084894a",
  "outputs": {},
  "resources": [
    {
      "module": "module.deploy-webapp",
      "mode": "data",
      "type": "aws_ami",
      "name": "ubuntu",
      "provider": "provider[\"registry.terraform.io/hashicorp/aws\"]",
      "instances": [
        {
          "schema_version": 0,
          "attributes": {
            "architecture": "x86_64",
            "arn": "arn:aws:ec2:us-east-1::image/ami-083654bd07b5da81d",
            "block_device_mappings": [
              {
                "device_name": "/dev/sda1",
                "ebs": {
                  "delete_on_termination": "true",
                  "encrypted": "false",
                  "iops": "0",
                  "snapshot_id": "snap-0c97f1c43c6bb2043",
                  "throughput": "0",
                  "volume_size": "8",
                  "volume_type": "gp2"
                },
                "no_device": "",
                "virtual_name": ""
              },
              {
                "device_name": "/dev/sdb",
                "ebs": {},
                "no_device": "",
                "virtual_name": "ephemeral0"
              },
              {
                "device_name": "/dev/sdc",
                "ebs": {},
                "no_device": "",
                "virtual_name": "ephemeral1"
              }
            ],
            "creation_date": "2021-10-22T00:40:53.000Z",
            "description": "Canonical, Ubuntu, 20.04 LTS, amd64 focal image build on 2021-10-21",
            "ena_support": true,
            "executable_users": null,
            "filter": [
              {
                "name": "name",
                "values": [
                  "ubuntu/images/hvm-ssd/ubuntu-focal-20.04-amd64-server-*"
                ]
              },
              {
                "name": "virtualization-type",
                "values": [
                  "hvm"
                ]
              }
            ],
            "hypervisor": "xen",
            "id": "ami-083654bd07b5da81d",
            "image_id": "ami-083654bd07b5da81d",
            "image_location": "099720109477/ubuntu/images/hvm-ssd/ubuntu-focal-20.04-amd64-server-20211021",
            "image_owner_alias": null,
            "image_type": "machine",
            "kernel_id": null,
            "most_recent": true,
            "name": "ubuntu/images/hvm-ssd/ubuntu-focal-20.04-amd64-server-20211021",
            "name_regex": null,
            "owner_id": "099720109477",
            "owners": [
              "099720109477"
            ],
            "platform": null,
            "platform_details": "Linux/UNIX",
            "product_codes": [],
            "public": true,
            "ramdisk_id": null,
            "root_device_name": "/dev/sda1",
            "root_device_type": "ebs",
            "root_snapshot_id": "snap-0c97f1c43c6bb2043",
            "sriov_net_support": "simple",
            "state": "available",
            "state_reason": {
              "code": "UNSET",
              "message": "UNSET"
            },
            "tags": {},
            "usage_operation": "RunInstances",
            "virtualization_type": "hvm"
          },
          "sensitive_attributes": []
        }
      ]
    },
    {
      "module": "module.deploy-webapp",
      "mode": "data",
      "type": "aws_vpc",
      "name": "main",
      "provider": "provider[\"registry.terraform.io/hashicorp/aws\"]",
      "instances": [
        {
          "schema_version": 0,
          "attributes": {
            "arn": "arn:aws:ec2:us-east-1:000915738785:vpc/vpc-03c63689ff0a2697d",
            "cidr_block": "10.0.0.0/16",
            "cidr_block_associations": [
              {
                "association_id": "vpc-cidr-assoc-07c8afa1a89705d4f",
                "cidr_block": "10.0.0.0/16",
                "state": "associated"
              }
            ],
            "default": false,
            "dhcp_options_id": "dopt-e2e8f398",
            "enable_dns_hostnames": false,
            "enable_dns_support": true,
            "filter": null,
            "id": "vpc-03c63689ff0a2697d",
            "instance_tenancy": "default",
            "ipv6_association_id": null,
            "ipv6_cidr_block": null,
            "main_route_table_id": "rtb-04e7bac0aacc766ac",
            "owner_id": "000915738785",
            "state": "available",
            "tags": {
              "Name": "my-vpc"
            }
          },
          "sensitive_attributes": []
        }
      ]
    },
    {
      "module": "module.deploy-webapp",
      "mode": "managed",
      "type": "aws_autoscaling_group",
      "name": "asg",
      "provider": "provider[\"registry.terraform.io/hashicorp/aws\"]",
      "instances": [
        {
          "schema_version": 0,
          "attributes": {
            "arn": "arn:aws:autoscaling:us-east-1:000915738785:autoScalingGroup:f70c751a-ca8a-40e5-be1b-d287e7fcf200:autoScalingGroupName/test-asg",
            "availability_zones": [
              "us-east-1a",
              "us-east-1b",
              "us-east-1c"
            ],
            "capacity_rebalance": false,
            "default_cooldown": 300,
            "desired_capacity": 3,
            "enabled_metrics": [],
            "force_delete": false,
            "force_delete_warm_pool": false,
            "health_check_grace_period": 300,
            "health_check_type": "ELB",
            "id": "test-asg",
            "initial_lifecycle_hook": [],
            "instance_refresh": [],
            "launch_configuration": "WebAppServer_lc",
            "launch_template": [],
            "load_balancers": [],
            "max_instance_lifetime": 0,
            "max_size": 4,
            "metrics_granularity": "1Minute",
            "min_elb_capacity": null,
            "min_size": 3,
            "mixed_instances_policy": [],
            "name": "test-asg",
            "name_prefix": "",
            "placement_group": "",
            "protect_from_scale_in": true,
            "service_linked_role_arn": "arn:aws:iam::000915738785:role/aws-service-role/autoscaling.amazonaws.com/AWSServiceRoleForAutoScaling",
            "suspended_processes": [],
            "tag": [],
            "tags": null,
            "target_group_arns": [
              "arn:aws:elasticloadbalancing:us-east-1:000915738785:targetgroup/my-target-group/95d37066e91465c7"
            ],
            "termination_policies": [],
            "timeouts": null,
            "vpc_zone_identifier": [
              "subnet-038406090991ea306",
              "subnet-0c8d9855119452067",
              "subnet-0e0f8812d72ee392b"
            ],
            "wait_for_capacity_timeout": "10m",
            "wait_for_elb_capacity": null,
            "warm_pool": []
          },
          "sensitive_attributes": [],
          "private": "eyJlMmJmYjczMC1lY2FhLTExZTYtOGY4OC0zNDM2M2JjN2M0YzAiOnsiZGVsZXRlIjo2MDAwMDAwMDAwMDB9fQ==",
          "dependencies": [
            "module.deploy-webapp.aws_launch_configuration.lc",
            "module.deploy-webapp.aws_lb_target_group.lb_target_group",
            "module.deploy-webapp.module.vpc.aws_subnet.public"
          ],
          "create_before_destroy": true
        }
      ]
    },
    {
      "module": "module.deploy-webapp",
      "mode": "managed",
      "type": "aws_launch_configuration",
      "name": "lc",
      "provider": "provider[\"registry.terraform.io/hashicorp/aws\"]",
      "instances": [
        {
          "schema_version": 0,
          "attributes": {
            "arn": "arn:aws:autoscaling:us-east-1:000915738785:launchConfiguration:74a3d67e-da2d-4468-927d-e28dd06e3899:launchConfigurationName/WebAppServer_lc",
            "associate_public_ip_address": true,
            "ebs_block_device": [],
            "ebs_optimized": false,
            "enable_monitoring": true,
            "ephemeral_block_device": [],
            "iam_instance_profile": "",
            "id": "WebAppServer_lc",
            "image_id": "ami-083654bd07b5da81d",
            "instance_type": "t2.micro",
            "key_name": "",
            "metadata_options": [],
            "name": "WebAppServer_lc",
            "name_prefix": "",
            "placement_tenancy": null,
            "root_block_device": [],
            "security_groups": [
              "sg-05bf525d628de52d7"
            ],
            "spot_price": "",
            "user_data": "01f8de7a320cdc86a59b255e782d609a902631a2",
            "user_data_base64": null,
            "vpc_classic_link_id": "",
            "vpc_classic_link_security_groups": []
          },
          "sensitive_attributes": [],
          "private": "bnVsbA==",
          "dependencies": [
            "module.deploy-webapp.aws_security_group.ec2-sg",
            "module.deploy-webapp.data.aws_ami.ubuntu",
            "module.deploy-webapp.data.aws_vpc.main",
            "module.deploy-webapp.module.vpc.aws_vpc.this"
          ],
          "create_before_destroy": true
        }
      ]
    },
    {
      "module": "module.deploy-webapp",
      "mode": "managed",
      "type": "aws_lb",
      "name": "alb",
      "provider": "provider[\"registry.terraform.io/hashicorp/aws\"]",
      "instances": [
        {
          "schema_version": 0,
          "attributes": {
            "access_logs": [
              {
                "bucket": "",
                "enabled": false,
                "prefix": ""
              }
            ],
            "arn": "arn:aws:elasticloadbalancing:us-east-1:000915738785:loadbalancer/app/WebAppServer-alb/7e1049ead7bbe227",
            "arn_suffix": "app/WebAppServer-alb/7e1049ead7bbe227",
            "customer_owned_ipv4_pool": "",
            "dns_name": "WebAppServer-alb-2089774550.us-east-1.elb.amazonaws.com",
            "drop_invalid_header_fields": false,
            "enable_cross_zone_load_balancing": null,
            "enable_deletion_protection": false,
            "enable_http2": true,
            "id": "arn:aws:elasticloadbalancing:us-east-1:000915738785:loadbalancer/app/WebAppServer-alb/7e1049ead7bbe227",
            "idle_timeout": 60,
            "internal": false,
            "ip_address_type": "ipv4",
            "load_balancer_type": "application",
            "name": "WebAppServer-alb",
            "name_prefix": null,
            "security_groups": [
              "sg-063c3537a73e94209"
            ],
            "subnet_mapping": [
              {
                "allocation_id": "",
                "ipv6_address": "",
                "outpost_id": "",
                "private_ipv4_address": "",
                "subnet_id": "subnet-038406090991ea306"
              },
              {
                "allocation_id": "",
                "ipv6_address": "",
                "outpost_id": "",
                "private_ipv4_address": "",
                "subnet_id": "subnet-0c8d9855119452067"
              },
              {
                "allocation_id": "",
                "ipv6_address": "",
                "outpost_id": "",
                "private_ipv4_address": "",
                "subnet_id": "subnet-0e0f8812d72ee392b"
              }
            ],
            "subnets": [
              "subnet-038406090991ea306",
              "subnet-0c8d9855119452067",
              "subnet-0e0f8812d72ee392b"
            ],
            "tags": {},
            "tags_all": {},
            "timeouts": null,
            "vpc_id": "vpc-03c63689ff0a2697d",
            "zone_id": "Z35SXDOTRQ7X7K"
          },
          "sensitive_attributes": [],
          "private": "eyJlMmJmYjczMC1lY2FhLTExZTYtOGY4OC0zNDM2M2JjN2M0YzAiOnsiY3JlYXRlIjo2MDAwMDAwMDAwMDAsImRlbGV0ZSI6NjAwMDAwMDAwMDAwLCJ1cGRhdGUiOjYwMDAwMDAwMDAwMH19",
          "dependencies": [
            "module.deploy-webapp.module.vpc.aws_subnet.public",
            "module.deploy-webapp.module.vpc.aws_vpc.this",
            "module.deploy-webapp.module.vpc.aws_vpc_ipv4_cidr_block_association.this",
            "module.deploy-webapp.aws_security_group.lb",
            "module.deploy-webapp.data.aws_vpc.main"
          ]
        }
      ]
    },
    {
      "module": "module.deploy-webapp",
      "mode": "managed",
      "type": "aws_lb_listener",
      "name": "web-listener",
      "provider": "provider[\"registry.terraform.io/hashicorp/aws\"]",
      "instances": [
        {
          "schema_version": 0,
          "attributes": {
            "alpn_policy": null,
            "arn": "arn:aws:elasticloadbalancing:us-east-1:000915738785:listener/app/WebAppServer-alb/7e1049ead7bbe227/ef11e72ef2d5f4e9",
            "certificate_arn": null,
            "default_action": [
              {
                "authenticate_cognito": [],
                "authenticate_oidc": [],
                "fixed_response": [],
                "forward": [],
                "order": 1,
                "redirect": [],
                "target_group_arn": "arn:aws:elasticloadbalancing:us-east-1:000915738785:targetgroup/my-target-group/95d37066e91465c7",
                "type": "forward"
              }
            ],
            "id": "arn:aws:elasticloadbalancing:us-east-1:000915738785:listener/app/WebAppServer-alb/7e1049ead7bbe227/ef11e72ef2d5f4e9",
            "load_balancer_arn": "arn:aws:elasticloadbalancing:us-east-1:000915738785:loadbalancer/app/WebAppServer-alb/7e1049ead7bbe227",
            "port": 80,
            "protocol": "HTTP",
            "ssl_policy": "",
            "tags": {},
            "tags_all": {},
            "timeouts": null
          },
          "sensitive_attributes": [],
          "private": "eyJlMmJmYjczMC1lY2FhLTExZTYtOGY4OC0zNDM2M2JjN2M0YzAiOnsicmVhZCI6NjAwMDAwMDAwMDAwfX0=",
          "dependencies": [
            "module.deploy-webapp.aws_lb.alb",
            "module.deploy-webapp.aws_lb_target_group.lb_target_group",
            "module.deploy-webapp.aws_security_group.lb",
            "module.deploy-webapp.data.aws_vpc.main",
            "module.deploy-webapp.module.vpc.aws_subnet.public",
            "module.deploy-webapp.module.vpc.aws_vpc.this",
            "module.deploy-webapp.module.vpc.aws_vpc_ipv4_cidr_block_association.this"
          ]
        }
      ]
    },
    {
      "module": "module.deploy-webapp",
      "mode": "managed",
      "type": "aws_lb_target_group",
      "name": "lb_target_group",
      "provider": "provider[\"registry.terraform.io/hashicorp/aws\"]",
      "instances": [
        {
          "schema_version": 0,
          "attributes": {
            "arn": "arn:aws:elasticloadbalancing:us-east-1:000915738785:targetgroup/my-target-group/95d37066e91465c7",
            "arn_suffix": "targetgroup/my-target-group/95d37066e91465c7",
            "deregistration_delay": "300",
            "health_check": [
              {
                "enabled": true,
                "healthy_threshold": 2,
                "interval": 300,
                "matcher": "200,301,302",
                "path": "/",
                "port": "traffic-port",
                "protocol": "HTTP",
                "timeout": 60,
                "unhealthy_threshold": 10
              }
            ],
            "id": "arn:aws:elasticloadbalancing:us-east-1:000915738785:targetgroup/my-target-group/95d37066e91465c7",
            "lambda_multi_value_headers_enabled": false,
            "load_balancing_algorithm_type": "round_robin",
            "name": "my-target-group",
            "name_prefix": null,
            "port": 8081,
            "preserve_client_ip": null,
            "protocol": "HTTP",
            "protocol_version": "HTTP1",
            "proxy_protocol_v2": false,
            "slow_start": 0,
            "stickiness": [
              {
                "cookie_duration": 86400,
                "cookie_name": "",
                "enabled": false,
                "type": "lb_cookie"
              }
            ],
            "tags": {},
            "tags_all": {},
            "target_type": "instance",
            "vpc_id": "vpc-03c63689ff0a2697d"
          },
          "sensitive_attributes": [],
          "private": "bnVsbA==",
          "dependencies": [
            "module.deploy-webapp.data.aws_vpc.main",
            "module.deploy-webapp.module.vpc.aws_vpc.this"
          ],
          "create_before_destroy": true
        }
      ]
    },
    {
      "module": "module.deploy-webapp",
      "mode": "managed",
      "type": "aws_security_group",
      "name": "ec2-sg",
      "provider": "provider[\"registry.terraform.io/hashicorp/aws\"]",
      "instances": [
        {
          "schema_version": 1,
          "attributes": {
            "arn": "arn:aws:ec2:us-east-1:000915738785:security-group/sg-05bf525d628de52d7",
            "description": "allow all",
            "egress": [
              {
                "cidr_blocks": [
                  "0.0.0.0/0"
                ],
                "description": "",
                "from_port": 0,
                "ipv6_cidr_blocks": [],
                "prefix_list_ids": [],
                "protocol": "-1",
                "security_groups": [],
                "self": false,
                "to_port": 0
              }
            ],
            "id": "sg-05bf525d628de52d7",
            "ingress": [
              {
                "cidr_blocks": [
                  "0.0.0.0/0"
                ],
                "description": "",
                "from_port": 0,
                "ipv6_cidr_blocks": [],
                "prefix_list_ids": [],
                "protocol": "-1",
                "security_groups": [],
                "self": false,
                "to_port": 0
              }
            ],
            "name": "allow-all-ec2",
            "name_prefix": "",
            "owner_id": "000915738785",
            "revoke_rules_on_delete": false,
            "tags": {},
            "tags_all": {},
            "timeouts": null,
            "vpc_id": "vpc-03c63689ff0a2697d"
          },
          "sensitive_attributes": [],
          "private": "eyJlMmJmYjczMC1lY2FhLTExZTYtOGY4OC0zNDM2M2JjN2M0YzAiOnsiY3JlYXRlIjo2MDAwMDAwMDAwMDAsImRlbGV0ZSI6OTAwMDAwMDAwMDAwfSwic2NoZW1hX3ZlcnNpb24iOiIxIn0=",
          "dependencies": [
            "module.deploy-webapp.data.aws_vpc.main",
            "module.deploy-webapp.module.vpc.aws_vpc.this"
          ],
          "create_before_destroy": true
        }
      ]
    },
    {
      "module": "module.deploy-webapp",
      "mode": "managed",
      "type": "aws_security_group",
      "name": "lb",
      "provider": "provider[\"registry.terraform.io/hashicorp/aws\"]",
      "instances": [
        {
          "schema_version": 1,
          "attributes": {
            "arn": "arn:aws:ec2:us-east-1:000915738785:security-group/sg-063c3537a73e94209",
            "description": "Managed by Terraform",
            "egress": [
              {
                "cidr_blocks": [
                  "0.0.0.0/0"
                ],
                "description": "",
                "from_port": 0,
                "ipv6_cidr_blocks": [],
                "prefix_list_ids": [],
                "protocol": "-1",
                "security_groups": [],
                "self": false,
                "to_port": 0
              }
            ],
            "id": "sg-063c3537a73e94209",
            "ingress": [
              {
                "cidr_blocks": [
                  "0.0.0.0/0"
                ],
                "description": "",
                "from_port": 0,
                "ipv6_cidr_blocks": [],
                "prefix_list_ids": [],
                "protocol": "-1",
                "security_groups": [],
                "self": false,
                "to_port": 0
              }
            ],
            "name": "allow-all-lb",
            "name_prefix": "",
            "owner_id": "000915738785",
            "revoke_rules_on_delete": false,
            "tags": {},
            "tags_all": {},
            "timeouts": null,
            "vpc_id": "vpc-03c63689ff0a2697d"
          },
          "sensitive_attributes": [],
          "private": "eyJlMmJmYjczMC1lY2FhLTExZTYtOGY4OC0zNDM2M2JjN2M0YzAiOnsiY3JlYXRlIjo2MDAwMDAwMDAwMDAsImRlbGV0ZSI6OTAwMDAwMDAwMDAwfSwic2NoZW1hX3ZlcnNpb24iOiIxIn0=",
          "dependencies": [
            "module.deploy-webapp.data.aws_vpc.main",
            "module.deploy-webapp.module.vpc.aws_vpc.this"
          ]
        }
      ]
    },
    {
      "module": "module.deploy-webapp.module.vpc",
      "mode": "managed",
      "type": "aws_internet_gateway",
      "name": "this",
      "provider": "provider[\"registry.terraform.io/hashicorp/aws\"]",
      "instances": [
        {
          "index_key": 0,
          "schema_version": 0,
          "attributes": {
            "arn": "arn:aws:ec2:us-east-1:000915738785:internet-gateway/igw-0de5f6abc0251269c",
            "id": "igw-0de5f6abc0251269c",
            "owner_id": "000915738785",
            "tags": {
              "Name": "my-vpc"
            },
            "tags_all": {
              "Name": "my-vpc"
            },
            "vpc_id": "vpc-03c63689ff0a2697d"
          },
          "sensitive_attributes": [],
          "private": "bnVsbA==",
          "dependencies": [
            "module.deploy-webapp.module.vpc.aws_vpc.this",
            "module.deploy-webapp.module.vpc.aws_vpc_ipv4_cidr_block_association.this"
          ]
        }
      ]
    },
    {
      "module": "module.deploy-webapp.module.vpc",
      "mode": "managed",
      "type": "aws_route",
      "name": "public_internet_gateway",
      "provider": "provider[\"registry.terraform.io/hashicorp/aws\"]",
      "instances": [
        {
          "index_key": 0,
          "schema_version": 0,
          "attributes": {
            "carrier_gateway_id": "",
            "destination_cidr_block": "0.0.0.0/0",
            "destination_ipv6_cidr_block": "",
            "destination_prefix_list_id": "",
            "egress_only_gateway_id": "",
            "gateway_id": "igw-0de5f6abc0251269c",
            "id": "r-rtb-06efc64b2ec5bc70f1080289494",
            "instance_id": "",
            "instance_owner_id": "",
            "local_gateway_id": "",
            "nat_gateway_id": "",
            "network_interface_id": "",
            "origin": "CreateRoute",
            "route_table_id": "rtb-06efc64b2ec5bc70f",
            "state": "active",
            "timeouts": {
              "create": "5m",
              "delete": null,
              "update": null
            },
            "transit_gateway_id": "",
            "vpc_endpoint_id": "",
            "vpc_peering_connection_id": ""
          },
          "sensitive_attributes": [],
          "private": "eyJlMmJmYjczMC1lY2FhLTExZTYtOGY4OC0zNDM2M2JjN2M0YzAiOnsiY3JlYXRlIjozMDAwMDAwMDAwMDAsImRlbGV0ZSI6MzAwMDAwMDAwMDAwLCJ1cGRhdGUiOjEyMDAwMDAwMDAwMH19",
          "dependencies": [
            "module.deploy-webapp.module.vpc.aws_vpc.this",
            "module.deploy-webapp.module.vpc.aws_vpc_ipv4_cidr_block_association.this",
            "module.deploy-webapp.module.vpc.aws_internet_gateway.this",
            "module.deploy-webapp.module.vpc.aws_route_table.public"
          ]
        }
      ]
    },
    {
      "module": "module.deploy-webapp.module.vpc",
      "mode": "managed",
      "type": "aws_route_table",
      "name": "public",
      "provider": "provider[\"registry.terraform.io/hashicorp/aws\"]",
      "instances": [
        {
          "index_key": 0,
          "schema_version": 0,
          "attributes": {
            "arn": "arn:aws:ec2:us-east-1:000915738785:route-table/rtb-06efc64b2ec5bc70f",
            "id": "rtb-06efc64b2ec5bc70f",
            "owner_id": "000915738785",
            "propagating_vgws": [],
            "route": [
              {
                "carrier_gateway_id": "",
                "cidr_block": "0.0.0.0/0",
                "destination_prefix_list_id": "",
                "egress_only_gateway_id": "",
                "gateway_id": "igw-0de5f6abc0251269c",
                "instance_id": "",
                "ipv6_cidr_block": "",
                "local_gateway_id": "",
                "nat_gateway_id": "",
                "network_interface_id": "",
                "transit_gateway_id": "",
                "vpc_endpoint_id": "",
                "vpc_peering_connection_id": ""
              }
            ],
            "tags": {
              "Name": "my-vpc-public"
            },
            "tags_all": {
              "Name": "my-vpc-public"
            },
            "timeouts": null,
            "vpc_id": "vpc-03c63689ff0a2697d"
          },
          "sensitive_attributes": [],
          "private": "eyJlMmJmYjczMC1lY2FhLTExZTYtOGY4OC0zNDM2M2JjN2M0YzAiOnsiY3JlYXRlIjoxMjAwMDAwMDAwMDAsImRlbGV0ZSI6MzAwMDAwMDAwMDAwLCJ1cGRhdGUiOjEyMDAwMDAwMDAwMH19",
          "dependencies": [
            "module.deploy-webapp.module.vpc.aws_vpc.this",
            "module.deploy-webapp.module.vpc.aws_vpc_ipv4_cidr_block_association.this"
          ]
        }
      ]
    },
    {
      "module": "module.deploy-webapp.module.vpc",
      "mode": "managed",
      "type": "aws_route_table_association",
      "name": "public",
      "provider": "provider[\"registry.terraform.io/hashicorp/aws\"]",
      "instances": [
        {
          "index_key": 0,
          "schema_version": 0,
          "attributes": {
            "gateway_id": "",
            "id": "rtbassoc-0a59e72bf8992db80",
            "route_table_id": "rtb-06efc64b2ec5bc70f",
            "subnet_id": "subnet-0c8d9855119452067"
          },
          "sensitive_attributes": [],
          "private": "bnVsbA==",
          "dependencies": [
            "module.deploy-webapp.module.vpc.aws_route_table.public",
            "module.deploy-webapp.module.vpc.aws_subnet.public",
            "module.deploy-webapp.module.vpc.aws_vpc.this",
            "module.deploy-webapp.module.vpc.aws_vpc_ipv4_cidr_block_association.this"
          ]
        },
        {
          "index_key": 1,
          "schema_version": 0,
          "attributes": {
            "gateway_id": "",
            "id": "rtbassoc-0e44a4c7b8760b00c",
            "route_table_id": "rtb-06efc64b2ec5bc70f",
            "subnet_id": "subnet-038406090991ea306"
          },
          "sensitive_attributes": [],
          "private": "bnVsbA==",
          "dependencies": [
            "module.deploy-webapp.module.vpc.aws_route_table.public",
            "module.deploy-webapp.module.vpc.aws_subnet.public",
            "module.deploy-webapp.module.vpc.aws_vpc.this",
            "module.deploy-webapp.module.vpc.aws_vpc_ipv4_cidr_block_association.this"
          ]
        },
        {
          "index_key": 2,
          "schema_version": 0,
          "attributes": {
            "gateway_id": "",
            "id": "rtbassoc-016eda0046978277f",
            "route_table_id": "rtb-06efc64b2ec5bc70f",
            "subnet_id": "subnet-0e0f8812d72ee392b"
          },
          "sensitive_attributes": [],
          "private": "bnVsbA==",
          "dependencies": [
            "module.deploy-webapp.module.vpc.aws_vpc_ipv4_cidr_block_association.this",
            "module.deploy-webapp.module.vpc.aws_route_table.public",
            "module.deploy-webapp.module.vpc.aws_subnet.public",
            "module.deploy-webapp.module.vpc.aws_vpc.this"
          ]
        }
      ]
    },
    {
      "module": "module.deploy-webapp.module.vpc",
      "mode": "managed",
      "type": "aws_subnet",
      "name": "public",
      "provider": "provider[\"registry.terraform.io/hashicorp/aws\"]",
      "instances": [
        {
          "index_key": 0,
          "schema_version": 1,
          "attributes": {
            "arn": "arn:aws:ec2:us-east-1:000915738785:subnet/subnet-0c8d9855119452067",
            "assign_ipv6_address_on_creation": false,
            "availability_zone": "us-east-1a",
            "availability_zone_id": "use1-az2",
            "cidr_block": "10.0.1.0/24",
            "customer_owned_ipv4_pool": "",
            "id": "subnet-0c8d9855119452067",
            "ipv6_cidr_block": "",
            "ipv6_cidr_block_association_id": "",
            "map_customer_owned_ip_on_launch": false,
            "map_public_ip_on_launch": true,
            "outpost_arn": "",
            "owner_id": "000915738785",
            "tags": {
              "Name": "my-vpc-public-us-east-1a"
            },
            "tags_all": {
              "Name": "my-vpc-public-us-east-1a"
            },
            "timeouts": null,
            "vpc_id": "vpc-03c63689ff0a2697d"
          },
          "sensitive_attributes": [],
          "private": "eyJlMmJmYjczMC1lY2FhLTExZTYtOGY4OC0zNDM2M2JjN2M0YzAiOnsiY3JlYXRlIjo2MDAwMDAwMDAwMDAsImRlbGV0ZSI6MTIwMDAwMDAwMDAwMH0sInNjaGVtYV92ZXJzaW9uIjoiMSJ9",
          "dependencies": [
            "module.deploy-webapp.module.vpc.aws_vpc.this",
            "module.deploy-webapp.module.vpc.aws_vpc_ipv4_cidr_block_association.this"
          ],
          "create_before_destroy": true
        },
        {
          "index_key": 1,
          "schema_version": 1,
          "attributes": {
            "arn": "arn:aws:ec2:us-east-1:000915738785:subnet/subnet-038406090991ea306",
            "assign_ipv6_address_on_creation": false,
            "availability_zone": "us-east-1b",
            "availability_zone_id": "use1-az4",
            "cidr_block": "10.0.2.0/24",
            "customer_owned_ipv4_pool": "",
            "id": "subnet-038406090991ea306",
            "ipv6_cidr_block": "",
            "ipv6_cidr_block_association_id": "",
            "map_customer_owned_ip_on_launch": false,
            "map_public_ip_on_launch": true,
            "outpost_arn": "",
            "owner_id": "000915738785",
            "tags": {
              "Name": "my-vpc-public-us-east-1b"
            },
            "tags_all": {
              "Name": "my-vpc-public-us-east-1b"
            },
            "timeouts": null,
            "vpc_id": "vpc-03c63689ff0a2697d"
          },
          "sensitive_attributes": [],
          "private": "eyJlMmJmYjczMC1lY2FhLTExZTYtOGY4OC0zNDM2M2JjN2M0YzAiOnsiY3JlYXRlIjo2MDAwMDAwMDAwMDAsImRlbGV0ZSI6MTIwMDAwMDAwMDAwMH0sInNjaGVtYV92ZXJzaW9uIjoiMSJ9",
          "dependencies": [
            "module.deploy-webapp.module.vpc.aws_vpc_ipv4_cidr_block_association.this",
            "module.deploy-webapp.module.vpc.aws_vpc.this"
          ],
          "create_before_destroy": true
        },
        {
          "index_key": 2,
          "schema_version": 1,
          "attributes": {
            "arn": "arn:aws:ec2:us-east-1:000915738785:subnet/subnet-0e0f8812d72ee392b",
            "assign_ipv6_address_on_creation": false,
            "availability_zone": "us-east-1c",
            "availability_zone_id": "use1-az6",
            "cidr_block": "10.0.3.0/24",
            "customer_owned_ipv4_pool": "",
            "id": "subnet-0e0f8812d72ee392b",
            "ipv6_cidr_block": "",
            "ipv6_cidr_block_association_id": "",
            "map_customer_owned_ip_on_launch": false,
            "map_public_ip_on_launch": true,
            "outpost_arn": "",
            "owner_id": "000915738785",
            "tags": {
              "Name": "my-vpc-public-us-east-1c"
            },
            "tags_all": {
              "Name": "my-vpc-public-us-east-1c"
            },
            "timeouts": null,
            "vpc_id": "vpc-03c63689ff0a2697d"
          },
          "sensitive_attributes": [],
          "private": "eyJlMmJmYjczMC1lY2FhLTExZTYtOGY4OC0zNDM2M2JjN2M0YzAiOnsiY3JlYXRlIjo2MDAwMDAwMDAwMDAsImRlbGV0ZSI6MTIwMDAwMDAwMDAwMH0sInNjaGVtYV92ZXJzaW9uIjoiMSJ9",
          "dependencies": [
            "module.deploy-webapp.module.vpc.aws_vpc_ipv4_cidr_block_association.this",
            "module.deploy-webapp.module.vpc.aws_vpc.this"
          ],
          "create_before_destroy": true
        }
      ]
    },
    {
      "module": "module.deploy-webapp.module.vpc",
      "mode": "managed",
      "type": "aws_vpc",
      "name": "this",
      "provider": "provider[\"registry.terraform.io/hashicorp/aws\"]",
      "instances": [
        {
          "index_key": 0,
          "schema_version": 1,
          "attributes": {
            "arn": "arn:aws:ec2:us-east-1:000915738785:vpc/vpc-03c63689ff0a2697d",
            "assign_generated_ipv6_cidr_block": false,
            "cidr_block": "10.0.0.0/16",
            "default_network_acl_id": "acl-0f06d24e4772dd4f8",
            "default_route_table_id": "rtb-04e7bac0aacc766ac",
            "default_security_group_id": "sg-0ece2fc83017c43d1",
            "dhcp_options_id": "dopt-e2e8f398",
            "enable_classiclink": false,
            "enable_classiclink_dns_support": false,
            "enable_dns_hostnames": false,
            "enable_dns_support": true,
            "id": "vpc-03c63689ff0a2697d",
            "instance_tenancy": "default",
            "ipv6_association_id": "",
            "ipv6_cidr_block": "",
            "main_route_table_id": "rtb-04e7bac0aacc766ac",
            "owner_id": "000915738785",
            "tags": {
              "Name": "my-vpc"
            },
            "tags_all": {
              "Name": "my-vpc"
            }
          },
          "sensitive_attributes": [],
          "private": "eyJzY2hlbWFfdmVyc2lvbiI6IjEifQ==",
          "create_before_destroy": true
        }
      ]
    }
  ]
}
